{
  "name": "jeez",
  "version": "0.1.0",
  "lockfileVersion": 1,
  "requires": true,
  "dependencies": {
    "date-update": {
      "version": "1.0.1",
      "resolved": "https://registry.npmjs.org/date-update/-/date-update-1.0.1.tgz",
      "integrity": "sha512-3BeTmwD4c4MQTcvVtArGuKUvvFX9zHaCy22mu9srWkec6OF3IBBIf4Tc2OyNYFhqz1x3JsAXvTBGBY5Bba4Fjg=="
    }
  }
}
